{
  "name": "makeup-lib",
  "version": "1.0.0",
  "lockfileVersion": 3,
  "requires": true,
  "packages": {
    "": {
      "name": "makeup-lib",
      "version": "1.0.0",
      "license": "MIT",
      "dependencies": {
        "@supabase/supabase-js": "^2.47.7",
        "node-fetch": "^3.3.2"
      }
    },
    "node_modules/@supabase/auth-js": {
      "version": "2.67.1",
      "resolved": "https://registry.npmjs.org/@supabase/auth-js/-/auth-js-2.67.1.tgz",
      "integrity": "sha512-1SRZG9VkLFz4rtiyEc1l49tMq9jTYu4wJt3pMQEWi7yshZFIBdVH1o5sshk1plQd5LY6GcrPIpCydM2gGDxchA==",
      "license": "MIT",
      "dependencies": {
        "@supabase/node-fetch": "^2.6.14"
      }
    },
    "node_modules/@supabase/functions-js": {
      "version": "2.4.3",
      "resolved": "https://registry.npmjs.org/@supabase/functions-js/-/functions-js-2.4.3.tgz",
      "integrity": "sha512-sOLXy+mWRyu4LLv1onYydq+10mNRQ4rzqQxNhbrKLTLTcdcmS9hbWif0bGz/NavmiQfPs4ZcmQJp4WqOXlR4AQ==",
      "license": "MIT",
      "dependencies": {
        "@supabase/node-fetch": "^2.6.14"
      }
    },
    "node_modules/@supabase/node-fetch": {
      "version": "2.6.15",
      "resolved": "https://registry.npmjs.org/@supabase/node-fetch/-/node-fetch-2.6.15.tgz",
      "integrity": "sha512-1ibVeYUacxWYi9i0cf5efil6adJ9WRyZBLivgjs+AUpewx1F3xPi7gLgaASI2SmIQxPoCEjAsLAzKPgMJVgOUQ==",
      "license": "MIT",
      "dependencies": {
        "whatwg-url": "^5.0.0"
      },
      "engines": {
        "node": "4.x || >=6.0.0"
      }
    },
    "node_modules/@supabase/postgrest-js": {
      "version": "1.16.3",
      "resolved": "https://registry.npmjs.org/@supabase/postgrest-js/-/postgrest-js-1.16.3.tgz",
      "integrity": "sha512-HI6dsbW68AKlOPofUjDTaosiDBCtW4XAm0D18pPwxoW3zKOE2Ru13Z69Wuys9fd6iTpfDViNco5sgrtnP0666A==",
      "license": "MIT",
      "dependencies": {
        "@supabase/node-fetch": "^2.6.14"
      }
    },
    "node_modules/@supabase/realtime-js": {
      "version": "2.11.2",
      "resolved": "https://registry.npmjs.org/@supabase/realtime-js/-/realtime-js-2.11.2.tgz",
      "integrity": "sha512-u/XeuL2Y0QEhXSoIPZZwR6wMXgB+RQbJzG9VErA3VghVt7uRfSVsjeqd7m5GhX3JR6dM/WRmLbVR8URpDWG4+w==",
      "license": "MIT",
      "dependencies": {
        "@supabase/node-fetch": "^2.6.14",
        "@types/phoenix": "^1.5.4",
        "@types/ws": "^8.5.10",
        "ws": "^8.18.0"
      }
    },
    "node_modules/@supabase/storage-js": {
      "version": "2.7.1",
      "resolved": "https://registry.npmjs.org/@supabase/storage-js/-/storage-js-2.7.1.tgz",
      "integrity": "sha512-asYHcyDR1fKqrMpytAS1zjyEfvxuOIp1CIXX7ji4lHHcJKqyk+sLl/Vxgm4sN6u8zvuUtae9e4kDxQP2qrwWBA==",
      "license": "MIT",
      "dependencies": {
        "@supabase/node-fetch": "^2.6.14"
      }
    },
    "node_modules/@supabase/supabase-js": {
      "version": "2.47.7",
      "resolved": "https://registry.npmjs.org/@supabase/supabase-js/-/supabase-js-2.47.7.tgz",
      "integrity": "sha512-ZhAiboKRo4rclM98PWu+6DjrHyYnF5Dzy10dNSdOalxYvcYjYS4Gf1JbVZeofgyXweepWEJd3diwoW1v1OroDw==",
      "license": "MIT",
      "dependencies": {
        "@supabase/auth-js": "2.67.1",
        "@supabase/functions-js": "2.4.3",
        "@supabase/node-fetch": "2.6.15",
        "@supabase/postgrest-js": "1.16.3",
        "@supabase/realtime-js": "2.11.2",
        "@supabase/storage-js": "2.7.1"
      }
    },
    "node_modules/@types/node": {
      "version": "22.10.2",
      "resolved": "https://registry.npmjs.org/@types/node/-/node-22.10.2.tgz",
      "integrity": "sha512-Xxr6BBRCAOQixvonOye19wnzyDiUtTeqldOOmj3CkeblonbccA12PFwlufvRdrpjXxqnmUaeiU5EOA+7s5diUQ==",
      "license": "MIT",
      "dependencies": {
        "undici-types": "~6.20.0"
      }
    },
    "node_modules/@types/phoenix": {
      "version": "1.6.6",
      "resolved": "https://registry.npmjs.org/@types/phoenix/-/phoenix-1.6.6.tgz",
      "integrity": "sha512-PIzZZlEppgrpoT2QgbnDU+MMzuR6BbCjllj0bM70lWoejMeNJAxCchxnv7J3XFkI8MpygtRpzXrIlmWUBclP5A==",
      "license": "MIT"
    },
    "node_modules/@types/ws": {
      "version": "8.5.13",
      "resolved": "https://registry.npmjs.org/@types/ws/-/ws-8.5.13.tgz",
      "integrity": "sha512-osM/gWBTPKgHV8XkTunnegTRIsvF6owmf5w+JtAfOw472dptdm0dlGv4xCt6GwQRcC2XVOvvRE/0bAoQcL2QkA==",
      "license": "MIT",
      "dependencies": {
        "@types/node": "*"
      }
    },
    "node_modules/data-uri-to-buffer": {
      "version": "4.0.1",
      "resolved": "https://registry.npmjs.org/data-uri-to-buffer/-/data-uri-to-buffer-4.0.1.tgz",
      "integrity": "sha512-0R9ikRb668HB7QDxT1vkpuUBtqc53YyAwMwGeUFKRojY/NWKvdZ+9UYtRfGmhqNbRkTSVpMbmyhXipFFv2cb/A==",
      "license": "MIT",
      "engines": {
        "node": ">= 12"
      }
    },
    "node_modules/fetch-blob": {
      "version": "3.2.0",
      "resolved": "https://registry.npmjs.org/fetch-blob/-/fetch-blob-3.2.0.tgz",
      "integrity": "sha512-7yAQpD2UMJzLi1Dqv7qFYnPbaPx7ZfFK6PiIxQ4PfkGPyNyl2Ugx+a/umUonmKqjhM4DnfbMvdX6otXq83soQQ==",
      "funding": [
        {
          "type": "github",
          "url": "https://github.com/sponsors/jimmywarting"
        },
        {
          "type": "paypal",
          "url": "https://paypal.me/jimmywarting"
        }
      ],
      "license": "MIT",
      "dependencies": {
        "node-domexception": "^1.0.0",
        "web-streams-polyfill": "^3.0.3"
      },
      "engines": {
        "node": "^12.20 || >= 14.13"
      }
    },
    "node_modules/formdata-polyfill": {
      "version": "4.0.10",
      "resolved": "https://registry.npmjs.org/formdata-polyfill/-/formdata-polyfill-4.0.10.tgz",
      "integrity": "sha512-buewHzMvYL29jdeQTVILecSaZKnt/RJWjoZCF5OW60Z67/GmSLBkOFM7qh1PI3zFNtJbaZL5eQu1vLfazOwj4g==",
      "license": "MIT",
      "dependencies": {
        "fetch-blob": "^3.1.2"
      },
      "engines": {
        "node": ">=12.20.0"
      }
    },
    "node_modules/node-domexception": {
      "version": "1.0.0",
      "resolved": "https://registry.npmjs.org/node-domexception/-/node-domexception-1.0.0.tgz",
      "integrity": "sha512-/jKZoMpw0F8GRwl4/eLROPA3cfcXtLApP0QzLmUT/HuPCZWyB7IY9ZrMeKw2O/nFIqPQB3PVM9aYm0F312AXDQ==",
      "funding": [
        {
          "type": "github",
          "url": "https://github.com/sponsors/jimmywarting"
        },
        {
          "type": "github",
          "url": "https://paypal.me/jimmywarting"
        }
      ],
      "license": "MIT",
      "engines": {
        "node": ">=10.5.0"
      }
    },
    "node_modules/node-fetch": {
      "version": "3.3.2",
      "resolved": "https://registry.npmjs.org/node-fetch/-/node-fetch-3.3.2.tgz",
      "integrity": "sha512-dRB78srN/l6gqWulah9SrxeYnxeddIG30+GOqK/9OlLVyLg3HPnr6SqOWTWOXKRwC2eGYCkZ59NNuSgvSrpgOA==",
      "license": "MIT",
      "dependencies": {
        "data-uri-to-buffer": "^4.0.0",
        "fetch-blob": "^3.1.4",
        "formdata-polyfill": "^4.0.10"
      },
      "engines": {
        "node": "^12.20.0 || ^14.13.1 || >=16.0.0"
      },
      "funding": {
        "type": "opencollective",
        "url": "https://opencollective.com/node-fetch"
      }
    },
    "node_modules/tr46": {
      "version": "0.0.3",
      "resolved": "https://registry.npmjs.org/tr46/-/tr46-0.0.3.tgz",
      "integrity": "sha512-N3WMsuqV66lT30CrXNbEjx4GEwlow3v6rr4mCcv6prnfwhS01rkgyFdjPNBYd9br7LpXV1+Emh01fHnq2Gdgrw==",
      "license": "MIT"
    },
    "node_modules/undici-types": {
      "version": "6.20.0",
      "resolved": "https://registry.npmjs.org/undici-types/-/undici-types-6.20.0.tgz",
      "integrity": "sha512-Ny6QZ2Nju20vw1SRHe3d9jVu6gJ+4e3+MMpqu7pqE5HT6WsTSlce++GQmK5UXS8mzV8DSYHrQH+Xrf2jVcuKNg==",
      "license": "MIT"
    },
    "node_modules/web-streams-polyfill": {
      "version": "3.3.3",
      "resolved": "https://registry.npmjs.org/web-streams-polyfill/-/web-streams-polyfill-3.3.3.tgz",
      "integrity": "sha512-d2JWLCivmZYTSIoge9MsgFCZrt571BikcWGYkjC1khllbTeDlGqZ2D8vD8E/lJa8WGWbb7Plm8/XJYV7IJHZZw==",
      "license": "MIT",
      "engines": {
        "node": ">= 8"
      }
    },
    "node_modules/webidl-conversions": {
      "version": "3.0.1",
      "resolved": "https://registry.npmjs.org/webidl-conversions/-/webidl-conversions-3.0.1.tgz",
      "integrity": "sha512-2JAn3z8AR6rjK8Sm8orRC0h/bcl/DqL7tRPdGZ4I1CjdF+EaMLmYxBHyXuKL849eucPFhvBoxMsflfOb8kxaeQ==",
      "license": "BSD-2-Clause"
    },
    "node_modules/whatwg-url": {
      "version": "5.0.0",
      "resolved": "https://registry.npmjs.org/whatwg-url/-/whatwg-url-5.0.0.tgz",
      "integrity": "sha512-saE57nupxk6v3HY35+jzBwYa0rKSy0XR8JSxZPwgLr7ys0IBzhGviA1/TUGJLmSVqs8pb9AnvICXEuOHLprYTw==",
      "license": "MIT",
      "dependencies": {
        "tr46": "~0.0.3",
        "webidl-conversions": "^3.0.0"
      }
    },
    "node_modules/ws": {
      "version": "8.18.0",
      "resolved": "https://registry.npmjs.org/ws/-/ws-8.18.0.tgz",
      "integrity": "sha512-8VbfWfHLbbwu3+N6OKsOMpBdT4kXPDDB9cJk2bJ6mh9ucxdlnNvH1e+roYkKmN9Nxw2yjz7VzeO9oOz2zJ04Pw==",
      "license": "MIT",
      "engines": {
        "node": ">=10.0.0"
      },
      "peerDependencies": {
        "bufferutil": "^4.0.1",
        "utf-8-validate": ">=5.0.2"
      },
      "peerDependenciesMeta": {
        "bufferutil": {
          "optional": true
        },
        "utf-8-validate": {
          "optional": true
        }
      }
    }
  }
}
